
Microsoft Visual Studio Solution File, Format Version 12.00
# Visual Studio 15
VisualStudioVersion = 15.0.28307.1022
MinimumVisualStudioVersion = 10.0.40219.1
Project("{FAE04EC0-301F-11D3-BF4B-00C04F79EFBC}") = "FractionalBaseBonuses", "FractionalBaseBonuses\FractionalBaseBonuses.csproj", "{68630FBB-12EF-475C-8BB4-EFB71F4F1182}"
EndProject
Global
	GlobalSection(SolutionConfigurationPlatforms) = preSolution
		Debug|Any CPU = Debug|Any CPU
		Release|Any CPU = Release|Any CPU
	EndGlobalSection
	GlobalSection(ProjectConfigurationPlatforms) = postSolution
		{68630FBB-12EF-475C-8BB4-EFB71F4F1182}.Debug|Any CPU.ActiveCfg = Debug|Any CPU
		{68630FBB-12EF-475C-8BB4-EFB71F4F1182}.Debug|Any CPU.Build.0 = Debug|Any CPU
		{68630FBB-12EF-475C-8BB4-EFB71F4F1182}.Release|Any CPU.ActiveCfg = Release|Any CPU
		{68630FBB-12EF-475C-8BB4-EFB71F4F1182}.Release|Any CPU.Build.0 = Release|Any CPU
	EndGlobalSection
	GlobalSection(SolutionProperties) = preSolution
		HideSolutionNode = FALSE
	EndGlobalSection
	GlobalSection(ExtensibilityGlobals) = postSolution
		SolutionGuid = {01DD5E8F-3D8E-4E81-9D29-0C3CC8FC343C}
	EndGlobalSection
EndGlobal
